
Microsoft Visual Studio Solution File, Format Version 12.00
# Visual Studio Version 17
VisualStudioVersion = 17.9.34723.18
MinimumVisualStudioVersion = 10.0.40219.1
Project("{2150E333-8FDC-42A3-9474-1A3956D46DE8}") = "Services", "Services", "{6F3C658A-333A-4B02-9E31-0C9AD974F38C}"
EndProject
Project("{2150E333-8FDC-42A3-9474-1A3956D46DE8}") = "Catalog", "Catalog", "{3CD0D010-A99C-4227-A71A-3EB300DA12AB}"
EndProject
Project("{9A19103F-16F7-4668-BE54-9A1E7A4F7556}") = "Catalog.API", "Services\Catalog\Catalog.API\Catalog.API.csproj", "{2D551CEA-5F87-43FA-87CC-5322B22A54B3}"
EndProject
Project("{2150E333-8FDC-42A3-9474-1A3956D46DE8}") = "BuildingBlocks", "BuildingBlocks", "{97DA4185-4A9F-45EB-857B-67F28273C30F}"
EndProject
Project("{9A19103F-16F7-4668-BE54-9A1E7A4F7556}") = "BuildingBlocks", "BuildingBlocks\BuildingBlocks\BuildingBlocks.csproj", "{4E8D5522-69C9-4C53-921D-79797BFEEFAC}"
EndProject
Project("{E53339B2-1760-4266-BCC7-CA923CBCF16C}") = "docker-compose", "docker-compose.dcproj", "{099CD153-F6E3-438F-8506-FAAED908B566}"
EndProject
Project("{2150E333-8FDC-42A3-9474-1A3956D46DE8}") = "Basket", "Basket", "{F9A89E13-A84C-4621-9B6F-1581C4DC6A2F}"
EndProject
Project("{9A19103F-16F7-4668-BE54-9A1E7A4F7556}") = "Basket.API", "Services\Basket\Basket.API\Basket.API.csproj", "{3C5B3852-23FE-446F-8498-EF1A85C6512D}"
EndProject
Project("{2150E333-8FDC-42A3-9474-1A3956D46DE8}") = "Discount", "Discount", "{DE234DC4-11B3-4702-A5D5-BCDDC6AF432A}"
EndProject
Project("{9A19103F-16F7-4668-BE54-9A1E7A4F7556}") = "Discount.Grpc", "Services\Discount\Discount.Grpc\Discount.Grpc.csproj", "{79FFD4F1-5A3B-4FAE-A3BD-B96BE0D73AF9}"
EndProject
Project("{2150E333-8FDC-42A3-9474-1A3956D46DE8}") = "Ordering", "Ordering", "{AFBCD59E-466B-470A-BA1F-723C7220011E}"
EndProject
Project("{FAE04EC0-301F-11D3-BF4B-00C04F79EFBC}") = "Ordering.API", "Services\Ordering\Ordering.API\Ordering.API.csproj", "{D1CE3994-1A6D-4A8C-943B-F18ABAF99F94}"
EndProject
Project("{FAE04EC0-301F-11D3-BF4B-00C04F79EFBC}") = "Ordering.Domain", "Services\Ordering\Ordering.Domain\Ordering.Domain.csproj", "{E183188B-C922-4406-A0C5-5833B9C8A8A4}"
EndProject
Project("{FAE04EC0-301F-11D3-BF4B-00C04F79EFBC}") = "Ordering.Infrastructure", "Services\Ordering\Ordering.Infrastructure\Ordering.Infrastructure.csproj", "{E52C602F-E5C7-430D-B980-196DB496422E}"
EndProject
Project("{FAE04EC0-301F-11D3-BF4B-00C04F79EFBC}") = "Ordering.Application", "Services\Ordering\Ordering.Application\Ordering.Application.csproj", "{0BC66C3F-3FDC-4A5F-BACF-20820B75D61E}"
EndProject
Global
	GlobalSection(SolutionConfigurationPlatforms) = preSolution
		Debug|Any CPU = Debug|Any CPU
		Release|Any CPU = Release|Any CPU
	EndGlobalSection
	GlobalSection(ProjectConfigurationPlatforms) = postSolution
		{2D551CEA-5F87-43FA-87CC-5322B22A54B3}.Debug|Any CPU.ActiveCfg = Debug|Any CPU
		{2D551CEA-5F87-43FA-87CC-5322B22A54B3}.Debug|Any CPU.Build.0 = Debug|Any CPU
		{2D551CEA-5F87-43FA-87CC-5322B22A54B3}.Release|Any CPU.ActiveCfg = Release|Any CPU
		{2D551CEA-5F87-43FA-87CC-5322B22A54B3}.Release|Any CPU.Build.0 = Release|Any CPU
		{4E8D5522-69C9-4C53-921D-79797BFEEFAC}.Debug|Any CPU.ActiveCfg = Debug|Any CPU
		{4E8D5522-69C9-4C53-921D-79797BFEEFAC}.Debug|Any CPU.Build.0 = Debug|Any CPU
		{4E8D5522-69C9-4C53-921D-79797BFEEFAC}.Release|Any CPU.ActiveCfg = Release|Any CPU
		{4E8D5522-69C9-4C53-921D-79797BFEEFAC}.Release|Any CPU.Build.0 = Release|Any CPU
		{099CD153-F6E3-438F-8506-FAAED908B566}.Debug|Any CPU.ActiveCfg = Debug|Any CPU
		{099CD153-F6E3-438F-8506-FAAED908B566}.Debug|Any CPU.Build.0 = Debug|Any CPU
		{099CD153-F6E3-438F-8506-FAAED908B566}.Release|Any CPU.ActiveCfg = Release|Any CPU
		{099CD153-F6E3-438F-8506-FAAED908B566}.Release|Any CPU.Build.0 = Release|Any CPU
		{3C5B3852-23FE-446F-8498-EF1A85C6512D}.Debug|Any CPU.ActiveCfg = Debug|Any CPU
		{3C5B3852-23FE-446F-8498-EF1A85C6512D}.Debug|Any CPU.Build.0 = Debug|Any CPU
		{3C5B3852-23FE-446F-8498-EF1A85C6512D}.Release|Any CPU.ActiveCfg = Release|Any CPU
		{3C5B3852-23FE-446F-8498-EF1A85C6512D}.Release|Any CPU.Build.0 = Release|Any CPU
		{79FFD4F1-5A3B-4FAE-A3BD-B96BE0D73AF9}.Debug|Any CPU.ActiveCfg = Debug|Any CPU
		{79FFD4F1-5A3B-4FAE-A3BD-B96BE0D73AF9}.Debug|Any CPU.Build.0 = Debug|Any CPU
		{79FFD4F1-5A3B-4FAE-A3BD-B96BE0D73AF9}.Release|Any CPU.ActiveCfg = Release|Any CPU
		{79FFD4F1-5A3B-4FAE-A3BD-B96BE0D73AF9}.Release|Any CPU.Build.0 = Release|Any CPU
		{D1CE3994-1A6D-4A8C-943B-F18ABAF99F94}.Debug|Any CPU.ActiveCfg = Debug|Any CPU
		{D1CE3994-1A6D-4A8C-943B-F18ABAF99F94}.Debug|Any CPU.Build.0 = Debug|Any CPU
		{D1CE3994-1A6D-4A8C-943B-F18ABAF99F94}.Release|Any CPU.ActiveCfg = Release|Any CPU
		{D1CE3994-1A6D-4A8C-943B-F18ABAF99F94}.Release|Any CPU.Build.0 = Release|Any CPU
		{E183188B-C922-4406-A0C5-5833B9C8A8A4}.Debug|Any CPU.ActiveCfg = Debug|Any CPU
		{E183188B-C922-4406-A0C5-5833B9C8A8A4}.Debug|Any CPU.Build.0 = Debug|Any CPU
		{E183188B-C922-4406-A0C5-5833B9C8A8A4}.Release|Any CPU.ActiveCfg = Release|Any CPU
		{E183188B-C922-4406-A0C5-5833B9C8A8A4}.Release|Any CPU.Build.0 = Release|Any CPU
		{E52C602F-E5C7-430D-B980-196DB496422E}.Debug|Any CPU.ActiveCfg = Debug|Any CPU
		{E52C602F-E5C7-430D-B980-196DB496422E}.Debug|Any CPU.Build.0 = Debug|Any CPU
		{E52C602F-E5C7-430D-B980-196DB496422E}.Release|Any CPU.ActiveCfg = Release|Any CPU
		{E52C602F-E5C7-430D-B980-196DB496422E}.Release|Any CPU.Build.0 = Release|Any CPU
		{0BC66C3F-3FDC-4A5F-BACF-20820B75D61E}.Debug|Any CPU.ActiveCfg = Debug|Any CPU
		{0BC66C3F-3FDC-4A5F-BACF-20820B75D61E}.Debug|Any CPU.Build.0 = Debug|Any CPU
		{0BC66C3F-3FDC-4A5F-BACF-20820B75D61E}.Release|Any CPU.ActiveCfg = Release|Any CPU
		{0BC66C3F-3FDC-4A5F-BACF-20820B75D61E}.Release|Any CPU.Build.0 = Release|Any CPU
	EndGlobalSection
	GlobalSection(SolutionProperties) = preSolution
		HideSolutionNode = FALSE
	EndGlobalSection
	GlobalSection(NestedProjects) = preSolution
		{3CD0D010-A99C-4227-A71A-3EB300DA12AB} = {6F3C658A-333A-4B02-9E31-0C9AD974F38C}
		{2D551CEA-5F87-43FA-87CC-5322B22A54B3} = {3CD0D010-A99C-4227-A71A-3EB300DA12AB}
		{4E8D5522-69C9-4C53-921D-79797BFEEFAC} = {97DA4185-4A9F-45EB-857B-67F28273C30F}
		{F9A89E13-A84C-4621-9B6F-1581C4DC6A2F} = {6F3C658A-333A-4B02-9E31-0C9AD974F38C}
		{3C5B3852-23FE-446F-8498-EF1A85C6512D} = {F9A89E13-A84C-4621-9B6F-1581C4DC6A2F}
		{DE234DC4-11B3-4702-A5D5-BCDDC6AF432A} = {6F3C658A-333A-4B02-9E31-0C9AD974F38C}
		{79FFD4F1-5A3B-4FAE-A3BD-B96BE0D73AF9} = {DE234DC4-11B3-4702-A5D5-BCDDC6AF432A}
		{AFBCD59E-466B-470A-BA1F-723C7220011E} = {6F3C658A-333A-4B02-9E31-0C9AD974F38C}
		{D1CE3994-1A6D-4A8C-943B-F18ABAF99F94} = {AFBCD59E-466B-470A-BA1F-723C7220011E}
		{E183188B-C922-4406-A0C5-5833B9C8A8A4} = {AFBCD59E-466B-470A-BA1F-723C7220011E}
		{E52C602F-E5C7-430D-B980-196DB496422E} = {AFBCD59E-466B-470A-BA1F-723C7220011E}
		{0BC66C3F-3FDC-4A5F-BACF-20820B75D61E} = {AFBCD59E-466B-470A-BA1F-723C7220011E}
	EndGlobalSection
	GlobalSection(ExtensibilityGlobals) = postSolution
		SolutionGuid = {8B8BDEAC-E120-4250-AF27-EE4175D67FAC}
	EndGlobalSection
EndGlobal
